// !$*UTF8*$!
{
	archiveVersion = 1;
	classes = {
	};
	objectVersion = 56;
	objects = {

/* Begin PBXBuildFile section */
		490A5DC729534A60002256A8 /* AppDelegate.swift in Sources */ = {isa = PBXBuildFile; fileRef = 490A5DC629534A60002256A8 /* AppDelegate.swift */; };
		490A5DC929534A60002256A8 /* SceneDelegate.swift in Sources */ = {isa = PBXBuildFile; fileRef = 490A5DC829534A60002256A8 /* SceneDelegate.swift */; };
		490A5DCB29534A60002256A8 /* ViewController.swift in Sources */ = {isa = PBXBuildFile; fileRef = 490A5DCA29534A60002256A8 /* ViewController.swift */; };
		490A5DCE29534A60002256A8 /* Main.storyboard in Resources */ = {isa = PBXBuildFile; fileRef = 490A5DCC29534A60002256A8 /* Main.storyboard */; };
		490A5DD029534A61002256A8 /* Assets.xcassets in Resources */ = {isa = PBXBuildFile; fileRef = 490A5DCF29534A61002256A8 /* Assets.xcassets */; };
		490A5DD329534A61002256A8 /* LaunchScreen.storyboard in Resources */ = {isa = PBXBuildFile; fileRef = 490A5DD129534A61002256A8 /* LaunchScreen.storyboard */; };
		490A5DDC29534D8B002256A8 /* TrafficLightState.swift in Sources */ = {isa = PBXBuildFile; fileRef = 490A5DDB29534D8B002256A8 /* TrafficLightState.swift */; };
		490A5DE029534E47002256A8 /* RedLightState.swift in Sources */ = {isa = PBXBuildFile; fileRef = 490A5DDF29534E47002256A8 /* RedLightState.swift */; };
		490A5DE229534F32002256A8 /* TrafficLight.swift in Sources */ = {isa = PBXBuildFile; fileRef = 490A5DE129534F32002256A8 /* TrafficLight.swift */; };
		490A5DE429536289002256A8 /* YellowLightState.swift in Sources */ = {isa = PBXBuildFile; fileRef = 490A5DE329536289002256A8 /* YellowLightState.swift */; };
		490A5DE629536304002256A8 /* GreenLightState.swift in Sources */ = {isa = PBXBuildFile; fileRef = 490A5DE529536304002256A8 /* GreenLightState.swift */; };
/* End PBXBuildFile section */

/* Begin PBXFileReference section */
		490A5DC329534A60002256A8 /* TrafficLight.app */ = {isa = PBXFileReference; explicitFileType = wrapper.application; includeInIndex = 0; path = TrafficLight.app; sourceTree = BUILT_PRODUCTS_DIR; };
		490A5DC629534A60002256A8 /* AppDelegate.swift */ = {isa = PBXFileReference; lastKnownFileType = sourcecode.swift; path = AppDelegate.swift; sourceTree = "<group>"; };
		490A5DC829534A60002256A8 /* SceneDelegate.swift */ = {isa = PBXFileReference; lastKnownFileType = sourcecode.swift; path = SceneDelegate.swift; sourceTree = "<group>"; };
		490A5DCA29534A60002256A8 /* ViewController.swift */ = {isa = PBXFileReference; lastKnownFileType = sourcecode.swift; path = ViewController.swift; sourceTree = "<group>"; };
		490A5DCD29534A60002256A8 /* Base */ = {isa = PBXFileReference; lastKnownFileType = file.storyboard; name = Base; path = Base.lproj/Main.storyboard; sourceTree = "<group>"; };
		490A5DCF29534A61002256A8 /* Assets.xcassets */ = {isa = PBXFileReference; lastKnownFileType = folder.assetcatalog; path = Assets.xcassets; sourceTree = "<group>"; };
		490A5DD229534A61002256A8 /* Base */ = {isa = PBXFileReference; lastKnownFileType = file.storyboard; name = Base; path = Base.lproj/LaunchScreen.storyboard; sourceTree = "<group>"; };
		490A5DD429534A61002256A8 /* Info.plist */ = {isa = PBXFileReference; lastKnownFileType = text.plist.xml; path = Info.plist; sourceTree = "<group>"; };
		490A5DDB29534D8B002256A8 /* TrafficLightState.swift */ = {isa = PBXFileReference; lastKnownFileType = sourcecode.swift; path = TrafficLightState.swift; sourceTree = "<group>"; };
		490A5DDF29534E47002256A8 /* RedLightState.swift */ = {isa = PBXFileReference; lastKnownFileType = sourcecode.swift; path = RedLightState.swift; sourceTree = "<group>"; };
		490A5DE129534F32002256A8 /* TrafficLight.swift */ = {isa = PBXFileReference; lastKnownFileType = sourcecode.swift; path = TrafficLight.swift; sourceTree = "<group>"; };
		490A5DE329536289002256A8 /* YellowLightState.swift */ = {isa = PBXFileReference; lastKnownFileType = sourcecode.swift; path = YellowLightState.swift; sourceTree = "<group>"; };
		490A5DE529536304002256A8 /* GreenLightState.swift */ = {isa = PBXFileReference; lastKnownFileType = sourcecode.swift; path = GreenLightState.swift; sourceTree = "<group>"; };
/* End PBXFileReference section */

/* Begin PBXFrameworksBuildPhase section */
		490A5DC029534A60002256A8 /* Frameworks */ = {
			isa = PBXFrameworksBuildPhase;
			buildActionMask = 2147483647;
			files = (
			);
			runOnlyForDeploymentPostprocessing = 0;
		};
/* End PBXFrameworksBuildPhase section */

/* Begin PBXGroup section */
		490A5DBA29534A60002256A8 = {
			isa = PBXGroup;
			children = (
				490A5DC529534A60002256A8 /* TrafficLight */,
				490A5DC429534A60002256A8 /* Products */,
			);
			sourceTree = "<group>";
		};
		490A5DC429534A60002256A8 /* Products */ = {
			isa = PBXGroup;
			children = (
				490A5DC329534A60002256A8 /* TrafficLight.app */,
			);
			name = Products;
			sourceTree = "<group>";
		};
		490A5DC529534A60002256A8 /* TrafficLight */ = {
			isa = PBXGroup;
			children = (
				490A5DDA29534D59002256A8 /* State */,
				490A5DC629534A60002256A8 /* AppDelegate.swift */,
				490A5DC829534A60002256A8 /* SceneDelegate.swift */,
				490A5DCA29534A60002256A8 /* ViewController.swift */,
				490A5DCC29534A60002256A8 /* Main.storyboard */,
				490A5DCF29534A61002256A8 /* Assets.xcassets */,
				490A5DD129534A61002256A8 /* LaunchScreen.storyboard */,
				490A5DD429534A61002256A8 /* Info.plist */,
				490A5DE129534F32002256A8 /* TrafficLight.swift */,
			);
			path = TrafficLight;
			sourceTree = "<group>";
		};
		490A5DDA29534D59002256A8 /* State */ = {
			isa = PBXGroup;
			children = (
				490A5DDB29534D8B002256A8 /* TrafficLightState.swift */,
				490A5DE329536289002256A8 /* YellowLightState.swift */,
				490A5DDF29534E47002256A8 /* RedLightState.swift */,
				490A5DE529536304002256A8 /* GreenLightState.swift */,
			);
			path = State;
			sourceTree = "<group>";
		};
/* End PBXGroup section */

/* Begin PBXNativeTarget section */
		490A5DC229534A60002256A8 /* TrafficLight */ = {
			isa = PBXNativeTarget;
			buildConfigurationList = 490A5DD729534A61002256A8 /* Build configuration list for PBXNativeTarget "TrafficLight" */;
			buildPhases = (
				490A5DBF29534A60002256A8 /* Sources */,
				490A5DC029534A60002256A8 /* Frameworks */,
				490A5DC129534A60002256A8 /* Resources */,
			);
			buildRules = (
			);
			dependencies = (
			);
			name = TrafficLight;
			productName = TrafficLight;
			productReference = 490A5DC329534A60002256A8 /* TrafficLight.app */;
			productType = "com.apple.product-type.application";
		};
/* End PBXNativeTarget section */

/* Begin PBXProject section */
		490A5DBB29534A60002256A8 /* Project object */ = {
			isa = PBXProject;
			attributes = {
				BuildIndependentTargetsInParallel = 1;
				LastSwiftUpdateCheck = 1420;
				LastUpgradeCheck = 1420;
				TargetAttributes = {
					490A5DC229534A60002256A8 = {
						CreatedOnToolsVersion = 14.2;
					};
				};
			};
			buildConfigurationList = 490A5DBE29534A60002256A8 /* Build configuration list for PBXProject "TrafficLight" */;
			compatibilityVersion = "Xcode 14.0";
			developmentRegion = en;
			hasScannedForEncodings = 0;
			knownRegions = (
				en,
				Base,
			);
			mainGroup = 490A5DBA29534A60002256A8;
			productRefGroup = 490A5DC429534A60002256A8 /* Products */;
			projectDirPath = "";
			projectRoot = "";
			targets = (
				490A5DC229534A60002256A8 /* TrafficLight */,
			);
		};
/* End PBXProject section */

/* Begin PBXResourcesBuildPhase section */
		490A5DC129534A60002256A8 /* Resources */ = {
			isa = PBXResourcesBuildPhase;
			buildActionMask = 2147483647;
			files = (
				490A5DD329534A61002256A8 /* LaunchScreen.storyboard in Resources */,
				490A5DD029534A61002256A8 /* Assets.xcassets in Resources */,
				490A5DCE29534A60002256A8 /* Main.storyboard in Resources */,
			);
			runOnlyForDeploymentPostprocessing = 0;
		};
/* End PBXResourcesBuildPhase section */

/* Begin PBXSourcesBuildPhase section */
		490A5DBF29534A60002256A8 /* Sources */ = {
			isa = PBXSourcesBuildPhase;
			buildActionMask = 2147483647;
			files = (
				490A5DE429536289002256A8 /* YellowLightState.swift in Sources */,
				490A5DCB29534A60002256A8 /* ViewController.swift in Sources */,
				490A5DE629536304002256A8 /* GreenLightState.swift in Sources */,
				490A5DE029534E47002256A8 /* RedLightState.swift in Sources */,
				490A5DE229534F32002256A8 /* TrafficLight.swift in Sources */,
				490A5DC729534A60002256A8 /* AppDelegate.swift in Sources */,
				490A5DDC29534D8B002256A8 /* TrafficLightState.swift in Sources */,
				490A5DC929534A60002256A8 /* SceneDelegate.swift in Sources */,
			);
			runOnlyForDeploymentPostprocessing = 0;
		};
/* End PBXSourcesBuildPhase section */

/* Begin PBXVariantGroup section */
		490A5DCC29534A60002256A8 /* Main.storyboard */ = {
			isa = PBXVariantGroup;
			children = (
				490A5DCD29534A60002256A8 /* Base */,
			);
			name = Main.storyboard;
			sourceTree = "<group>";
		};
		490A5DD129534A61002256A8 /* LaunchScreen.storyboard */ = {
			isa = PBXVariantGroup;
			children = (
				490A5DD229534A61002256A8 /* Base */,
			);
			name = LaunchScreen.storyboard;
			sourceTree = "<group>";
		};
/* End PBXVariantGroup section */

/* Begin XCBuildConfiguration section */
		490A5DD529534A61002256A8 /* Debug */ = {
			isa = XCBuildConfiguration;
			buildSettings = {
				ALWAYS_SEARCH_USER_PATHS = NO;
				CLANG_ANALYZER_NONNULL = YES;
				CLANG_ANALYZER_NUMBER_OBJECT_CONVERSION = YES_AGGRESSIVE;
				CLANG_CXX_LANGUAGE_STANDARD = "gnu++20";
				CLANG_ENABLE_MODULES = YES;
				CLANG_ENABLE_OBJC_ARC = YES;
				CLANG_ENABLE_OBJC_WEAK = YES;
				CLANG_WARN_BLOCK_CAPTURE_AUTORELEASING = YES;
				CLANG_WARN_BOOL_CONVERSION = YES;
				CLANG_WARN_COMMA = YES;
				CLANG_WARN_CONSTANT_CONVERSION = YES;
				CLANG_WARN_DEPRECATED_OBJC_IMPLEMENTATIONS = YES;
				CLANG_WARN_DIRECT_OBJC_ISA_USAGE = YES_ERROR;
				CLANG_WARN_DOCUMENTATION_COMMENTS = YES;
				CLANG_WARN_EMPTY_BODY = YES;
				CLANG_WARN_ENUM_CONVERSION = YES;
				CLANG_WARN_INFINITE_RECURSION = YES;
				CLANG_WARN_INT_CONVERSION = YES;
				CLANG_WARN_NON_LITERAL_NULL_CONVERSION = YES;
				CLANG_WARN_OBJC_IMPLICIT_RETAIN_SELF = YES;
				CLANG_WARN_OBJC_LITERAL_CONVERSION = YES;
				CLANG_WARN_OBJC_ROOT_CLASS = YES_ERROR;
				CLANG_WARN_QUOTED_INCLUDE_IN_FRAMEWORK_HEADER = YES;
				CLANG_WARN_RANGE_LOOP_ANALYSIS = YES;
				CLANG_WARN_STRICT_PROTOTYPES = YES;
				CLANG_WARN_SUSPICIOUS_MOVE = YES;
				CLANG_WARN_UNGUARDED_AVAILABILITY = YES_AGGRESSIVE;
				CLANG_WARN_UNREACHABLE_CODE = YES;
				CLANG_WARN__DUPLICATE_METHOD_MATCH = YES;
				COPY_PHASE_STRIP = NO;
				DEBUG_INFORMATION_FORMAT = dwarf;
				ENABLE_STRICT_OBJC_MSGSEND = YES;
				ENABLE_TESTABILITY = YES;
				GCC_C_LANGUAGE_STANDARD = gnu11;
				GCC_DYNAMIC_NO_PIC = NO;
				GCC_NO_COMMON_BLOCKS = YES;
				GCC_OPTIMIZATION_LEVEL = 0;
				GCC_PREPROCESSOR_DEFINITIONS = (
					"DEBUG=1",
					"$(inherited)",
				);
				GCC_WARN_64_TO_32_BIT_CONVERSION = YES;
				GCC_WARN_ABOUT_RETURN_TYPE = YES_ERROR;
				GCC_WARN_UNDECLARED_SELECTOR = YES;
				GCC_WARN_UNINITIALIZED_AUTOS = YES_AGGRESSIVE;
				GCC_WARN_UNUSED_FUNCTION = YES;
				GCC_WARN_UNUSED_VARIABLE = YES;
				IPHONEOS_DEPLOYMENT_TARGET = 16.2;
				MTL_ENABLE_DEBUG_INFO = INCLUDE_SOURCE;
				MTL_FAST_MATH = YES;
				ONLY_ACTIVE_ARCH = YES;
				SDKROOT = iphoneos;
				SWIFT_ACTIVE_COMPILATION_CONDITIONS = DEBUG;
				SWIFT_OPTIMIZATION_LEVEL = "-Onone";
			};
			name = Debug;
		};
		490A5DD629534A61002256A8 /* Release */ = {
			isa = XCBuildConfiguration;
			buildSettings = {
				ALWAYS_SEARCH_USER_PATHS = NO;
				CLANG_ANALYZER_NONNULL = YES;
				CLANG_ANALYZER_NUMBER_OBJECT_CONVERSION = YES_AGGRESSIVE;
				CLANG_CXX_LANGUAGE_STANDARD = "gnu++20";
				CLANG_ENABLE_MODULES = YES;
				CLANG_ENABLE_OBJC_ARC = YES;
				CLANG_ENABLE_OBJC_WEAK = YES;
				CLANG_WARN_BLOCK_CAPTURE_AUTORELEASING = YES;
				CLANG_WARN_BOOL_CONVERSION = YES;
				CLANG_WARN_COMMA = YES;
				CLANG_WARN_CONSTANT_CONVERSION = YES;
				CLANG_WARN_DEPRECATED_OBJC_IMPLEMENTATIONS = YES;
				CLANG_WARN_DIRECT_OBJC_ISA_USAGE = YES_ERROR;
				CLANG_WARN_DOCUMENTATION_COMMENTS = YES;
				CLANG_WARN_EMPTY_BODY = YES;
				CLANG_WARN_ENUM_CONVERSION = YES;
				CLANG_WARN_INFINITE_RECURSION = YES;
				CLANG_WARN_INT_CONVERSION = YES;
				CLANG_WARN_NON_LITERAL_NULL_CONVERSION = YES;
				CLANG_WARN_OBJC_IMPLICIT_RETAIN_SELF = YES;
				CLANG_WARN_OBJC_LITERAL_CONVERSION = YES;
				CLANG_WARN_OBJC_ROOT_CLASS = YES_ERROR;
				CLANG_WARN_QUOTED_INCLUDE_IN_FRAMEWORK_HEADER = YES;
				CLANG_WARN_RANGE_LOOP_ANALYSIS = YES;
				CLANG_WARN_STRICT_PROTOTYPES = YES;
				CLANG_WARN_SUSPICIOUS_MOVE = YES;
				CLANG_WARN_UNGUARDED_AVAILABILITY = YES_AGGRESSIVE;
				CLANG_WARN_UNREACHABLE_CODE = YES;
				CLANG_WARN__DUPLICATE_METHOD_MATCH = YES;
				COPY_PHASE_STRIP = NO;
				DEBUG_INFORMATION_FORMAT = "dwarf-with-dsym";
				ENABLE_NS_ASSERTIONS = NO;
				ENABLE_STRICT_OBJC_MSGSEND = YES;
				GCC_C_LANGUAGE_STANDARD = gnu11;
				GCC_NO_COMMON_BLOCKS = YES;
				GCC_WARN_64_TO_32_BIT_CONVERSION = YES;
				GCC_WARN_ABOUT_RETURN_TYPE = YES_ERROR;
				GCC_WARN_UNDECLARED_SELECTOR = YES;
				GCC_WARN_UNINITIALIZED_AUTOS = YES_AGGRESSIVE;
				GCC_WARN_UNUSED_FUNCTION = YES;
				GCC_WARN_UNUSED_VARIABLE = YES;
				IPHONEOS_DEPLOYMENT_TARGET = 16.2;
				MTL_ENABLE_DEBUG_INFO = NO;
				MTL_FAST_MATH = YES;
				SDKROOT = iphoneos;
				SWIFT_COMPILATION_MODE = wholemodule;
				SWIFT_OPTIMIZATION_LEVEL = "-O";
				VALIDATE_PRODUCT = YES;
			};
			name = Release;
		};
		490A5DD829534A61002256A8 /* Debug */ = {
			isa = XCBuildConfiguration;
			buildSettings = {
				ASSETCATALOG_COMPILER_APPICON_NAME = AppIcon;
				ASSETCATALOG_COMPILER_GLOBAL_ACCENT_COLOR_NAME = AccentColor;
				CODE_SIGN_STYLE = Automatic;
				CURRENT_PROJECT_VERSION = 1;
				DEVELOPMENT_TEAM = 277JX9R2RP;
				GENERATE_INFOPLIST_FILE = YES;
				INFOPLIST_FILE = TrafficLight/Info.plist;
				INFOPLIST_KEY_UIApplicationSupportsIndirectInputEvents = YES;
				INFOPLIST_KEY_UILaunchStoryboardName = LaunchScreen;
				INFOPLIST_KEY_UIMainStoryboardFile = Main;
				INFOPLIST_KEY_UISupportedInterfaceOrientations_iPad = "UIInterfaceOrientationPortrait UIInterfaceOrientationPortraitUpsideDown UIInterfaceOrientationLandscapeLeft UIInterfaceOrientationLandscapeRight";
				INFOPLIST_KEY_UISupportedInterfaceOrientations_iPhone = "UIInterfaceOrientationPortrait UIInterfaceOrientationLandscapeLeft UIInterfaceOrientationLandscapeRight";
				LD_RUNPATH_SEARCH_PATHS = (
					"$(inherited)",
					"@executable_path/Frameworks",
				);
				MARKETING_VERSION = 1.0;
				PRODUCT_BUNDLE_IDENTIFIER = "Mayer-Inc.TrafficLight";
				PRODUCT_NAME = "$(TARGET_NAME)";
				SWIFT_EMIT_LOC_STRINGS = YES;
				SWIFT_VERSION = 5.0;
				TARGETED_DEVICE_FAMILY = "1,2";
			};
			name = Debug;
		};
		490A5DD929534A61002256A8 /* Release */ = {
			isa = XCBuildConfiguration;
			buildSettings = {
				ASSETCATALOG_COMPILER_APPICON_NAME = AppIcon;
				ASSETCATALOG_COMPILER_GLOBAL_ACCENT_COLOR_NAME = AccentColor;
				CODE_SIGN_STYLE = Automatic;
				CURRENT_PROJECT_VERSION = 1;
				DEVELOPMENT_TEAM = 277JX9R2RP;
				GENERATE_INFOPLIST_FILE = YES;
				INFOPLIST_FILE = TrafficLight/Info.plist;
				INFOPLIST_KEY_UIApplicationSupportsIndirectInputEvents = YES;
				INFOPLIST_KEY_UILaunchStoryboardName = LaunchScreen;
				INFOPLIST_KEY_UIMainStoryboardFile = Main;
				INFOPLIST_KEY_UISupportedInterfaceOrientations_iPad = "UIInterfaceOrientationPortrait UIInterfaceOrientationPortraitUpsideDown UIInterfaceOrientationLandscapeLeft UIInterfaceOrientationLandscapeRight";
				INFOPLIST_KEY_UISupportedInterfaceOrientations_iPhone = "UIInterfaceOrientationPortrait UIInterfaceOrientationLandscapeLeft UIInterfaceOrientationLandscapeRight";
				LD_RUNPATH_SEARCH_PATHS = (
					"$(inherited)",
					"@executable_path/Frameworks",
				);
				MARKETING_VERSION = 1.0;
				PRODUCT_BUNDLE_IDENTIFIER = "Mayer-Inc.TrafficLight";
				PRODUCT_NAME = "$(TARGET_NAME)";
				SWIFT_EMIT_LOC_STRINGS = YES;
				SWIFT_VERSION = 5.0;
				TARGETED_DEVICE_FAMILY = "1,2";
			};
			name = Release;
		};
/* End XCBuildConfiguration section */

/* Begin XCConfigurationList section */
		490A5DBE29534A60002256A8 /* Build configuration list for PBXProject "TrafficLight" */ = {
			isa = XCConfigurationList;
			buildConfigurations = (
				490A5DD529534A61002256A8 /* Debug */,
				490A5DD629534A61002256A8 /* Release */,
			);
			defaultConfigurationIsVisible = 0;
			defaultConfigurationName = Release;
		};
		490A5DD729534A61002256A8 /* Build configuration list for PBXNativeTarget "TrafficLight" */ = {
			isa = XCConfigurationList;
			buildConfigurations = (
				490A5DD829534A61002256A8 /* Debug */,
				490A5DD929534A61002256A8 /* Release */,
			);
			defaultConfigurationIsVisible = 0;
			defaultConfigurationName = Release;
		};
/* End XCConfigurationList section */
	};
	rootObject = 490A5DBB29534A60002256A8 /* Project object */;
}
